// !$*UTF8*$!
{
	archiveVersion = 1;
	classes = {
	};
	objectVersion = 48;
	objects = {

/* Begin PBXBuildFile section */
		30E8683E203E6DC60071EA73 /* AppDelegate.m in Sources */ = {isa = PBXBuildFile; fileRef = 30E8683D203E6DC60071EA73 /* AppDelegate.m */; };
		30E86841203E6DC60071EA73 /* ViewController.m in Sources */ = {isa = PBXBuildFile; fileRef = 30E86840203E6DC60071EA73 /* ViewController.m */; };
		30E86844203E6DC60071EA73 /* Main.storyboard in Resources */ = {isa = PBXBuildFile; fileRef = 30E86842203E6DC60071EA73 /* Main.storyboard */; };
		30E86846203E6DC60071EA73 /* Assets.xcassets in Resources */ = {isa = PBXBuildFile; fileRef = 30E86845203E6DC60071EA73 /* Assets.xcassets */; };
		30E86849203E6DC60071EA73 /* LaunchScreen.storyboard in Resources */ = {isa = PBXBuildFile; fileRef = 30E86847203E6DC60071EA73 /* LaunchScreen.storyboard */; };
		30E8684C203E6DC60071EA73 /* main.m in Sources */ = {isa = PBXBuildFile; fileRef = 30E8684B203E6DC60071EA73 /* main.m */; };
		30E86854203E6DF70071EA73 /* MSView1.m in Sources */ = {isa = PBXBuildFile; fileRef = 30E86853203E6DF70071EA73 /* MSView1.m */; };
		30E86857203E6E1A0071EA73 /* MSView2.m in Sources */ = {isa = PBXBuildFile; fileRef = 30E86856203E6E1A0071EA73 /* MSView2.m */; };
		30E8685A203E6E230071EA73 /* MSView3.m in Sources */ = {isa = PBXBuildFile; fileRef = 30E86859203E6E230071EA73 /* MSView3.m */; };
		30E8685D203E728E0071EA73 /* MSView.m in Sources */ = {isa = PBXBuildFile; fileRef = 30E8685C203E728E0071EA73 /* MSView.m */; };
		30E86860203E9E050071EA73 /* MSWindow.m in Sources */ = {isa = PBXBuildFile; fileRef = 30E8685F203E9E050071EA73 /* MSWindow.m */; };
/* End PBXBuildFile section */

/* Begin PBXFileReference section */
		30E86839203E6DC60071EA73 /* MSEventDemo.app */ = {isa = PBXFileReference; explicitFileType = wrapper.application; includeInIndex = 0; path = MSEventDemo.app; sourceTree = BUILT_PRODUCTS_DIR; };
		30E8683C203E6DC60071EA73 /* AppDelegate.h */ = {isa = PBXFileReference; lastKnownFileType = sourcecode.c.h; path = AppDelegate.h; sourceTree = "<group>"; };
		30E8683D203E6DC60071EA73 /* AppDelegate.m */ = {isa = PBXFileReference; lastKnownFileType = sourcecode.c.objc; path = AppDelegate.m; sourceTree = "<group>"; };
		30E8683F203E6DC60071EA73 /* ViewController.h */ = {isa = PBXFileReference; lastKnownFileType = sourcecode.c.h; path = ViewController.h; sourceTree = "<group>"; };
		30E86840203E6DC60071EA73 /* ViewController.m */ = {isa = PBXFileReference; lastKnownFileType = sourcecode.c.objc; path = ViewController.m; sourceTree = "<group>"; };
		30E86843203E6DC60071EA73 /* Base */ = {isa = PBXFileReference; lastKnownFileType = file.storyboard; name = Base; path = Base.lproj/Main.storyboard; sourceTree = "<group>"; };
		30E86845203E6DC60071EA73 /* Assets.xcassets */ = {isa = PBXFileReference; lastKnownFileType = folder.assetcatalog; path = Assets.xcassets; sourceTree = "<group>"; };
		30E86848203E6DC60071EA73 /* Base */ = {isa = PBXFileReference; lastKnownFileType = file.storyboard; name = Base; path = Base.lproj/LaunchScreen.storyboard; sourceTree = "<group>"; };
		30E8684A203E6DC60071EA73 /* Info.plist */ = {isa = PBXFileReference; lastKnownFileType = text.plist.xml; path = Info.plist; sourceTree = "<group>"; };
		30E8684B203E6DC60071EA73 /* main.m */ = {isa = PBXFileReference; lastKnownFileType = sourcecode.c.objc; path = main.m; sourceTree = "<group>"; };
		30E86852203E6DF70071EA73 /* MSView1.h */ = {isa = PBXFileReference; lastKnownFileType = sourcecode.c.h; path = MSView1.h; sourceTree = "<group>"; };
		30E86853203E6DF70071EA73 /* MSView1.m */ = {isa = PBXFileReference; lastKnownFileType = sourcecode.c.objc; path = MSView1.m; sourceTree = "<group>"; };
		30E86855203E6E1A0071EA73 /* MSView2.h */ = {isa = PBXFileReference; lastKnownFileType = sourcecode.c.h; path = MSView2.h; sourceTree = "<group>"; };
		30E86856203E6E1A0071EA73 /* MSView2.m */ = {isa = PBXFileReference; lastKnownFileType = sourcecode.c.objc; path = MSView2.m; sourceTree = "<group>"; };
		30E86858203E6E230071EA73 /* MSView3.h */ = {isa = PBXFileReference; lastKnownFileType = sourcecode.c.h; path = MSView3.h; sourceTree = "<group>"; };
		30E86859203E6E230071EA73 /* MSView3.m */ = {isa = PBXFileReference; lastKnownFileType = sourcecode.c.objc; path = MSView3.m; sourceTree = "<group>"; };
		30E8685B203E728E0071EA73 /* MSView.h */ = {isa = PBXFileReference; lastKnownFileType = sourcecode.c.h; path = MSView.h; sourceTree = "<group>"; };
		30E8685C203E728E0071EA73 /* MSView.m */ = {isa = PBXFileReference; lastKnownFileType = sourcecode.c.objc; path = MSView.m; sourceTree = "<group>"; };
		30E8685E203E9E050071EA73 /* MSWindow.h */ = {isa = PBXFileReference; lastKnownFileType = sourcecode.c.h; path = MSWindow.h; sourceTree = "<group>"; };
		30E8685F203E9E050071EA73 /* MSWindow.m */ = {isa = PBXFileReference; lastKnownFileType = sourcecode.c.objc; path = MSWindow.m; sourceTree = "<group>"; };
/* End PBXFileReference section */

/* Begin PBXFrameworksBuildPhase section */
		30E86836203E6DC60071EA73 /* Frameworks */ = {
			isa = PBXFrameworksBuildPhase;
			buildActionMask = 2147483647;
			files = (
			);
			runOnlyForDeploymentPostprocessing = 0;
		};
/* End PBXFrameworksBuildPhase section */

/* Begin PBXGroup section */
		30E86830203E6DC60071EA73 = {
			isa = PBXGroup;
			children = (
				30E8683B203E6DC60071EA73 /* MSEventDemo */,
				30E8683A203E6DC60071EA73 /* Products */,
			);
			sourceTree = "<group>";
		};
		30E8683A203E6DC60071EA73 /* Products */ = {
			isa = PBXGroup;
			children = (
				30E86839203E6DC60071EA73 /* MSEventDemo.app */,
			);
			name = Products;
			sourceTree = "<group>";
		};
		30E8683B203E6DC60071EA73 /* MSEventDemo */ = {
			isa = PBXGroup;
			children = (
				30E8683C203E6DC60071EA73 /* AppDelegate.h */,
				30E8683D203E6DC60071EA73 /* AppDelegate.m */,
				30E8683F203E6DC60071EA73 /* ViewController.h */,
				30E86840203E6DC60071EA73 /* ViewController.m */,
				30E8685B203E728E0071EA73 /* MSView.h */,
				30E8685C203E728E0071EA73 /* MSView.m */,
				30E86852203E6DF70071EA73 /* MSView1.h */,
				30E86853203E6DF70071EA73 /* MSView1.m */,
				30E86855203E6E1A0071EA73 /* MSView2.h */,
				30E86856203E6E1A0071EA73 /* MSView2.m */,
				30E86858203E6E230071EA73 /* MSView3.h */,
				30E86859203E6E230071EA73 /* MSView3.m */,
				30E8685E203E9E050071EA73 /* MSWindow.h */,
				30E8685F203E9E050071EA73 /* MSWindow.m */,
				30E86842203E6DC60071EA73 /* Main.storyboard */,
				30E86845203E6DC60071EA73 /* Assets.xcassets */,
				30E86847203E6DC60071EA73 /* LaunchScreen.storyboard */,
				30E8684A203E6DC60071EA73 /* Info.plist */,
				30E8684B203E6DC60071EA73 /* main.m */,
			);
			path = MSEventDemo;
			sourceTree = "<group>";
		};
/* End PBXGroup section */

/* Begin PBXNativeTarget section */
		30E86838203E6DC60071EA73 /* MSEventDemo */ = {
			isa = PBXNativeTarget;
			buildConfigurationList = 30E8684F203E6DC60071EA73 /* Build configuration list for PBXNativeTarget "MSEventDemo" */;
			buildPhases = (
				30E86835203E6DC60071EA73 /* Sources */,
				30E86836203E6DC60071EA73 /* Frameworks */,
				30E86837203E6DC60071EA73 /* Resources */,
			);
			buildRules = (
			);
			dependencies = (
			);
			name = MSEventDemo;
			productName = MSEventDemo;
			productReference = 30E86839203E6DC60071EA73 /* MSEventDemo.app */;
			productType = "com.apple.product-type.application";
		};
/* End PBXNativeTarget section */

/* Begin PBXProject section */
		30E86831203E6DC60071EA73 /* Project object */ = {
			isa = PBXProject;
			attributes = {
				LastUpgradeCheck = 0910;
				ORGANIZATIONNAME = magic;
				TargetAttributes = {
					30E86838203E6DC60071EA73 = {
						CreatedOnToolsVersion = 9.1;
						ProvisioningStyle = Automatic;
					};
				};
			};
			buildConfigurationList = 30E86834203E6DC60071EA73 /* Build configuration list for PBXProject "MSEventDemo" */;
			compatibilityVersion = "Xcode 8.0";
			developmentRegion = en;
			hasScannedForEncodings = 0;
			knownRegions = (
				en,
				Base,
			);
			mainGroup = 30E86830203E6DC60071EA73;
			productRefGroup = 30E8683A203E6DC60071EA73 /* Products */;
			projectDirPath = "";
			projectRoot = "";
			targets = (
				30E86838203E6DC60071EA73 /* MSEventDemo */,
			);
		};
/* End PBXProject section */

/* Begin PBXResourcesBuildPhase section */
		30E86837203E6DC60071EA73 /* Resources */ = {
			isa = PBXResourcesBuildPhase;
			buildActionMask = 2147483647;
			files = (
				30E86849203E6DC60071EA73 /* LaunchScreen.storyboard in Resources */,
				30E86846203E6DC60071EA73 /* Assets.xcassets in Resources */,
				30E86844203E6DC60071EA73 /* Main.storyboard in Resources */,
			);
			runOnlyForDeploymentPostprocessing = 0;
		};
/* End PBXResourcesBuildPhase section */

/* Begin PBXSourcesBuildPhase section */
		30E86835203E6DC60071EA73 /* Sources */ = {
			isa = PBXSourcesBuildPhase;
			buildActionMask = 2147483647;
			files = (
				30E8685D203E728E0071EA73 /* MSView.m in Sources */,
				30E86854203E6DF70071EA73 /* MSView1.m in Sources */,
				30E86857203E6E1A0071EA73 /* MSView2.m in Sources */,
				30E86841203E6DC60071EA73 /* ViewController.m in Sources */,
				30E8684C203E6DC60071EA73 /* main.m in Sources */,
				30E86860203E9E050071EA73 /* MSWindow.m in Sources */,
				30E8685A203E6E230071EA73 /* MSView3.m in Sources */,
				30E8683E203E6DC60071EA73 /* AppDelegate.m in Sources */,
			);
			runOnlyForDeploymentPostprocessing = 0;
		};
/* End PBXSourcesBuildPhase section */

/* Begin PBXVariantGroup section */
		30E86842203E6DC60071EA73 /* Main.storyboard */ = {
			isa = PBXVariantGroup;
			children = (
				30E86843203E6DC60071EA73 /* Base */,
			);
			name = Main.storyboard;
			sourceTree = "<group>";
		};
		30E86847203E6DC60071EA73 /* LaunchScreen.storyboard */ = {
			isa = PBXVariantGroup;
			children = (
				30E86848203E6DC60071EA73 /* Base */,
			);
			name = LaunchScreen.storyboard;
			sourceTree = "<group>";
		};
/* End PBXVariantGroup section */

/* Begin XCBuildConfiguration section */
		30E8684D203E6DC60071EA73 /* Debug */ = {
			isa = XCBuildConfiguration;
			buildSettings = {
				ALWAYS_SEARCH_USER_PATHS = NO;
				CLANG_ANALYZER_NONNULL = YES;
				CLANG_ANALYZER_NUMBER_OBJECT_CONVERSION = YES_AGGRESSIVE;
				CLANG_CXX_LANGUAGE_STANDARD = "gnu++14";
				CLANG_CXX_LIBRARY = "libc++";
				CLANG_ENABLE_MODULES = YES;
				CLANG_ENABLE_OBJC_ARC = YES;
				CLANG_WARN_BLOCK_CAPTURE_AUTORELEASING = YES;
				CLANG_WARN_BOOL_CONVERSION = YES;
				CLANG_WARN_COMMA = YES;
				CLANG_WARN_CONSTANT_CONVERSION = YES;
				CLANG_WARN_DIRECT_OBJC_ISA_USAGE = YES_ERROR;
				CLANG_WARN_DOCUMENTATION_COMMENTS = YES;
				CLANG_WARN_EMPTY_BODY = YES;
				CLANG_WARN_ENUM_CONVERSION = YES;
				CLANG_WARN_INFINITE_RECURSION = YES;
				CLANG_WARN_INT_CONVERSION = YES;
				CLANG_WARN_NON_LITERAL_NULL_CONVERSION = YES;
				CLANG_WARN_OBJC_LITERAL_CONVERSION = YES;
				CLANG_WARN_OBJC_ROOT_CLASS = YES_ERROR;
				CLANG_WARN_RANGE_LOOP_ANALYSIS = YES;
				CLANG_WARN_STRICT_PROTOTYPES = YES;
				CLANG_WARN_SUSPICIOUS_MOVE = YES;
				CLANG_WARN_UNGUARDED_AVAILABILITY = YES_AGGRESSIVE;
				CLANG_WARN_UNREACHABLE_CODE = YES;
				CLANG_WARN__DUPLICATE_METHOD_MATCH = YES;
				CODE_SIGN_IDENTITY = "iPhone Developer";
				COPY_PHASE_STRIP = NO;
				DEBUG_INFORMATION_FORMAT = dwarf;
				ENABLE_STRICT_OBJC_MSGSEND = YES;
				ENABLE_TESTABILITY = YES;
				GCC_C_LANGUAGE_STANDARD = gnu11;
				GCC_DYNAMIC_NO_PIC = NO;
				GCC_NO_COMMON_BLOCKS = YES;
				GCC_OPTIMIZATION_LEVEL = 0;
				GCC_PREPROCESSOR_DEFINITIONS = (
					"DEBUG=1",
					"$(inherited)",
				);
				GCC_WARN_64_TO_32_BIT_CONVERSION = YES;
				GCC_WARN_ABOUT_RETURN_TYPE = YES_ERROR;
				GCC_WARN_UNDECLARED_SELECTOR = YES;
				GCC_WARN_UNINITIALIZED_AUTOS = YES_AGGRESSIVE;
				GCC_WARN_UNUSED_FUNCTION = YES;
				GCC_WARN_UNUSED_VARIABLE = YES;
				IPHONEOS_DEPLOYMENT_TARGET = 11.1;
				MTL_ENABLE_DEBUG_INFO = YES;
				ONLY_ACTIVE_ARCH = YES;
				SDKROOT = iphoneos;
			};
			name = Debug;
		};
		30E8684E203E6DC60071EA73 /* Release */ = {
			isa = XCBuildConfiguration;
			buildSettings = {
				ALWAYS_SEARCH_USER_PATHS = NO;
				CLANG_ANALYZER_NONNULL = YES;
				CLANG_ANALYZER_NUMBER_OBJECT_CONVERSION = YES_AGGRESSIVE;
				CLANG_CXX_LANGUAGE_STANDARD = "gnu++14";
				CLANG_CXX_LIBRARY = "libc++";
				CLANG_ENABLE_MODULES = YES;
				CLANG_ENABLE_OBJC_ARC = YES;
				CLANG_WARN_BLOCK_CAPTURE_AUTORELEASING = YES;
				CLANG_WARN_BOOL_CONVERSION = YES;
				CLANG_WARN_COMMA = YES;
				CLANG_WARN_CONSTANT_CONVERSION = YES;
				CLANG_WARN_DIRECT_OBJC_ISA_USAGE = YES_ERROR;
				CLANG_WARN_DOCUMENTATION_COMMENTS = YES;
				CLANG_WARN_EMPTY_BODY = YES;
				CLANG_WARN_ENUM_CONVERSION = YES;
				CLANG_WARN_INFINITE_RECURSION = YES;
				CLANG_WARN_INT_CONVERSION = YES;
				CLANG_WARN_NON_LITERAL_NULL_CONVERSION = YES;
				CLANG_WARN_OBJC_LITERAL_CONVERSION = YES;
				CLANG_WARN_OBJC_ROOT_CLASS = YES_ERROR;
				CLANG_WARN_RANGE_LOOP_ANALYSIS = YES;
				CLANG_WARN_STRICT_PROTOTYPES = YES;
				CLANG_WARN_SUSPICIOUS_MOVE = YES;
				CLANG_WARN_UNGUARDED_AVAILABILITY = YES_AGGRESSIVE;
				CLANG_WARN_UNREACHABLE_CODE = YES;
				CLANG_WARN__DUPLICATE_METHOD_MATCH = YES;
				CODE_SIGN_IDENTITY = "iPhone Developer";
				COPY_PHASE_STRIP = NO;
				DEBUG_INFORMATION_FORMAT = "dwarf-with-dsym";
				ENABLE_NS_ASSERTIONS = NO;
				ENABLE_STRICT_OBJC_MSGSEND = YES;
				GCC_C_LANGUAGE_STANDARD = gnu11;
				GCC_NO_COMMON_BLOCKS = YES;
				GCC_WARN_64_TO_32_BIT_CONVERSION = YES;
				GCC_WARN_ABOUT_RETURN_TYPE = YES_ERROR;
				GCC_WARN_UNDECLARED_SELECTOR = YES;
				GCC_WARN_UNINITIALIZED_AUTOS = YES_AGGRESSIVE;
				GCC_WARN_UNUSED_FUNCTION = YES;
				GCC_WARN_UNUSED_VARIABLE = YES;
				IPHONEOS_DEPLOYMENT_TARGET = 11.1;
				MTL_ENABLE_DEBUG_INFO = NO;
				SDKROOT = iphoneos;
				VALIDATE_PRODUCT = YES;
			};
			name = Release;
		};
		30E86850203E6DC60071EA73 /* Debug */ = {
			isa = XCBuildConfiguration;
			buildSettings = {
				ASSETCATALOG_COMPILER_APPICON_NAME = AppIcon;
				CODE_SIGN_STYLE = Automatic;
				INFOPLIST_FILE = MSEventDemo/Info.plist;
				LD_RUNPATH_SEARCH_PATHS = "$(inherited) @executable_path/Frameworks";
				PRODUCT_BUNDLE_IDENTIFIER = com.magic.MSEventDemo;
				PRODUCT_NAME = "$(TARGET_NAME)";
				TARGETED_DEVICE_FAMILY = "1,2";
			};
			name = Debug;
		};
		30E86851203E6DC60071EA73 /* Release */ = {
			isa = XCBuildConfiguration;
			buildSettings = {
				ASSETCATALOG_COMPILER_APPICON_NAME = AppIcon;
				CODE_SIGN_STYLE = Automatic;
				INFOPLIST_FILE = MSEventDemo/Info.plist;
				LD_RUNPATH_SEARCH_PATHS = "$(inherited) @executable_path/Frameworks";
				PRODUCT_BUNDLE_IDENTIFIER = com.magic.MSEventDemo;
				PRODUCT_NAME = "$(TARGET_NAME)";
				TARGETED_DEVICE_FAMILY = "1,2";
			};
			name = Release;
		};
/* End XCBuildConfiguration section */

/* Begin XCConfigurationList section */
		30E86834203E6DC60071EA73 /* Build configuration list for PBXProject "MSEventDemo" */ = {
			isa = XCConfigurationList;
			buildConfigurations = (
				30E8684D203E6DC60071EA73 /* Debug */,
				30E8684E203E6DC60071EA73 /* Release */,
			);
			defaultConfigurationIsVisible = 0;
			defaultConfigurationName = Release;
		};
		30E8684F203E6DC60071EA73 /* Build configuration list for PBXNativeTarget "MSEventDemo" */ = {
			isa = XCConfigurationList;
			buildConfigurations = (
				30E86850203E6DC60071EA73 /* Debug */,
				30E86851203E6DC60071EA73 /* Release */,
			);
			defaultConfigurationIsVisible = 0;
			defaultConfigurationName = Release;
		};
/* End XCConfigurationList section */
	};
	rootObject = 30E86831203E6DC60071EA73 /* Project object */;
}
